{
  "name": "DuZhe_uniapp",
  "lockfileVersion": 2,
  "requires": true,
  "packages": {
    "": {
      "dependencies": {
        "qiniu-js": "^3.4.1"
      }
    },
    "node_modules/@babel/runtime-corejs2": {
      "version": "7.20.1",
      "resolved": "https://registry.npmmirror.com/@babel/runtime-corejs2/-/runtime-corejs2-7.20.1.tgz",
      "integrity": "sha512-9hxzcvnXxG38gZ3ycsZ91+PNbpWwPVXmTsKaaS6mvJyXs49XziitKsj2SHCpTVwcedRc3hmYrzjGSs+9aAQe7Q==",
      "dependencies": {
        "core-js": "^2.6.12",
        "regenerator-runtime": "^0.13.10"
      },
      "engines": {
        "node": ">=6.9.0"
      }
    },
    "node_modules/core-js": {
      "version": "2.6.12",
      "resolved": "https://registry.npmmirror.com/core-js/-/core-js-2.6.12.tgz",
      "integrity": "sha512-Kb2wC0fvsWfQrgk8HU5lW6U/Lcs8+9aaYcy4ZFc6DDlo4nZ7n70dEgE5rtR0oG6ufKDUnrwfWL1mXR5ljDatrQ==",
      "deprecated": "core-js@<3.23.3 is no longer maintained and not recommended for usage due to the number of issues. Because of the V8 engine whims, feature detection in old core-js versions could cause a slowdown up to 100x even if nothing is polyfilled. Some versions have web compatibility issues. Please, upgrade your dependencies to the actual version of core-js.",
      "hasInstallScript": true
    },
    "node_modules/qiniu-js": {
      "version": "3.4.1",
      "resolved": "https://registry.npmmirror.com/qiniu-js/-/qiniu-js-3.4.1.tgz",
      "integrity": "sha512-8vxrLqDPlJUk3fUAaTozh3TAT3ww9B5KqGogmGuTiFHnewXDoMxTCSY5z8Ab5UNdrCo6ZxDM07G/o++CICRUFw==",
      "dependencies": {
        "@babel/runtime-corejs2": "^7.10.2",
        "querystring": "^0.2.1",
        "spark-md5": "^3.0.0"
      }
    },
    "node_modules/querystring": {
      "version": "0.2.1",
      "resolved": "https://registry.npmmirror.com/querystring/-/querystring-0.2.1.tgz",
      "integrity": "sha512-wkvS7mL/JMugcup3/rMitHmd9ecIGd2lhFhK9N3UUQ450h66d1r3Y9nvXzQAW1Lq+wyx61k/1pfKS5KuKiyEbg==",
      "deprecated": "The querystring API is considered Legacy. new code should use the URLSearchParams API instead.",
      "engines": {
        "node": ">=0.4.x"
      }
    },
    "node_modules/regenerator-runtime": {
      "version": "0.13.10",
      "resolved": "https://registry.npmmirror.com/regenerator-runtime/-/regenerator-runtime-0.13.10.tgz",
      "integrity": "sha512-KepLsg4dU12hryUO7bp/axHAKvwGOCV0sGloQtpagJ12ai+ojVDqkeGSiRX1zlq+kjIMZ1t7gpze+26QqtdGqw=="
    },
    "node_modules/spark-md5": {
      "version": "3.0.2",
      "resolved": "https://registry.npmmirror.com/spark-md5/-/spark-md5-3.0.2.tgz",
      "integrity": "sha512-wcFzz9cDfbuqe0FZzfi2or1sgyIrsDwmPwfZC4hiNidPdPINjeUwNfv5kldczoEAcjl9Y1L3SM7Uz2PUEQzxQw=="
    }
  },
  "dependencies": {
    "@babel/runtime-corejs2": {
      "version": "7.20.1",
      "resolved": "https://registry.npmmirror.com/@babel/runtime-corejs2/-/runtime-corejs2-7.20.1.tgz",
      "integrity": "sha512-9hxzcvnXxG38gZ3ycsZ91+PNbpWwPVXmTsKaaS6mvJyXs49XziitKsj2SHCpTVwcedRc3hmYrzjGSs+9aAQe7Q==",
      "requires": {
        "core-js": "^2.6.12",
        "regenerator-runtime": "^0.13.10"
      }
    },
    "core-js": {
      "version": "2.6.12",
      "resolved": "https://registry.npmmirror.com/core-js/-/core-js-2.6.12.tgz",
      "integrity": "sha512-Kb2wC0fvsWfQrgk8HU5lW6U/Lcs8+9aaYcy4ZFc6DDlo4nZ7n70dEgE5rtR0oG6ufKDUnrwfWL1mXR5ljDatrQ=="
    },
    "qiniu-js": {
      "version": "3.4.1",
      "resolved": "https://registry.npmmirror.com/qiniu-js/-/qiniu-js-3.4.1.tgz",
      "integrity": "sha512-8vxrLqDPlJUk3fUAaTozh3TAT3ww9B5KqGogmGuTiFHnewXDoMxTCSY5z8Ab5UNdrCo6ZxDM07G/o++CICRUFw==",
      "requires": {
        "@babel/runtime-corejs2": "^7.10.2",
        "querystring": "^0.2.1",
        "spark-md5": "^3.0.0"
      }
    },
    "querystring": {
      "version": "0.2.1",
      "resolved": "https://registry.npmmirror.com/querystring/-/querystring-0.2.1.tgz",
      "integrity": "sha512-wkvS7mL/JMugcup3/rMitHmd9ecIGd2lhFhK9N3UUQ450h66d1r3Y9nvXzQAW1Lq+wyx61k/1pfKS5KuKiyEbg=="
    },
    "regenerator-runtime": {
      "version": "0.13.10",
      "resolved": "https://registry.npmmirror.com/regenerator-runtime/-/regenerator-runtime-0.13.10.tgz",
      "integrity": "sha512-KepLsg4dU12hryUO7bp/axHAKvwGOCV0sGloQtpagJ12ai+ojVDqkeGSiRX1zlq+kjIMZ1t7gpze+26QqtdGqw=="
    },
    "spark-md5": {
      "version": "3.0.2",
      "resolved": "https://registry.npmmirror.com/spark-md5/-/spark-md5-3.0.2.tgz",
      "integrity": "sha512-wcFzz9cDfbuqe0FZzfi2or1sgyIrsDwmPwfZC4hiNidPdPINjeUwNfv5kldczoEAcjl9Y1L3SM7Uz2PUEQzxQw=="
    }
  }
}
